{
  "requires": true,
  "lockfileVersion": 1,
  "dependencies": {
    "nswag": {
      "version": "12.0.20",
      "resolved": "https://registry.npmjs.org/nswag/-/nswag-12.0.20.tgz",
      "integrity": "sha512-wTy//zzspQxCEG818cSJMUgP+w/c4RSUNDZoLi/ONyrSsERjgzerlSYurDOzfy5PwBNfn0pqcnwculDuLA4BlQ==",
      "dev": true
    }
  }
}
